
Microsoft Visual Studio Solution File, Format Version 12.00
# Visual Studio Version 16
VisualStudioVersion = 16.0.29509.3
MinimumVisualStudioVersion = 10.0.40219.1
Project("{FAE04EC0-301F-11D3-BF4B-00C04F79EFBC}") = "Mp3_Database", "Mp3_Database\Mp3_Database.csproj", "{E703B4F7-ABF5-4347-A0A2-C5F1394A96C3}"
EndProject
Project("{FAE04EC0-301F-11D3-BF4B-00C04F79EFBC}") = "Mp3_Database.Model", "Mp3_Database.Model\Mp3_Database.Model.csproj", "{635084E1-19A1-4245-9EC5-4253A39C53E9}"
EndProject
Global
	GlobalSection(SolutionConfigurationPlatforms) = preSolution
		Debug|Any CPU = Debug|Any CPU
		Release|Any CPU = Release|Any CPU
	EndGlobalSection
	GlobalSection(ProjectConfigurationPlatforms) = postSolution
		{E703B4F7-ABF5-4347-A0A2-C5F1394A96C3}.Debug|Any CPU.ActiveCfg = Debug|Any CPU
		{E703B4F7-ABF5-4347-A0A2-C5F1394A96C3}.Debug|Any CPU.Build.0 = Debug|Any CPU
		{E703B4F7-ABF5-4347-A0A2-C5F1394A96C3}.Release|Any CPU.ActiveCfg = Release|Any CPU
		{E703B4F7-ABF5-4347-A0A2-C5F1394A96C3}.Release|Any CPU.Build.0 = Release|Any CPU
		{635084E1-19A1-4245-9EC5-4253A39C53E9}.Debug|Any CPU.ActiveCfg = Debug|Any CPU
		{635084E1-19A1-4245-9EC5-4253A39C53E9}.Debug|Any CPU.Build.0 = Debug|Any CPU
		{635084E1-19A1-4245-9EC5-4253A39C53E9}.Release|Any CPU.ActiveCfg = Release|Any CPU
		{635084E1-19A1-4245-9EC5-4253A39C53E9}.Release|Any CPU.Build.0 = Release|Any CPU
	EndGlobalSection
	GlobalSection(SolutionProperties) = preSolution
		HideSolutionNode = FALSE
	EndGlobalSection
	GlobalSection(ExtensibilityGlobals) = postSolution
		SolutionGuid = {EBF91EF7-17A5-49B5-8FC1-598140A0DD10}
	EndGlobalSection
EndGlobal
